
Microsoft Visual Studio Solution File, Format Version 12.00
Project("{FAE04EC0-301F-11D3-BF4B-00C04F79EFBC}") = "GCDC", "GCDC\GCDC.csproj", "{65169A16-0FFD-4769-ACAB-4C15A4C74C3D}"
EndProject
Global
	GlobalSection(SolutionConfigurationPlatforms) = preSolution
		Debug|Any CPU = Debug|Any CPU
		Release|Any CPU = Release|Any CPU
	EndGlobalSection
	GlobalSection(ProjectConfigurationPlatforms) = postSolution
		{65169A16-0FFD-4769-ACAB-4C15A4C74C3D}.Debug|Any CPU.ActiveCfg = Debug|Any CPU
		{65169A16-0FFD-4769-ACAB-4C15A4C74C3D}.Debug|Any CPU.Build.0 = Debug|Any CPU
		{65169A16-0FFD-4769-ACAB-4C15A4C74C3D}.Release|Any CPU.ActiveCfg = Release|Any CPU
		{65169A16-0FFD-4769-ACAB-4C15A4C74C3D}.Release|Any CPU.Build.0 = Release|Any CPU
	EndGlobalSection
EndGlobal
